
Microsoft Visual Studio Solution File, Format Version 11.00
# Visual Studio 2010
Project("{FAE04EC0-301F-11D3-BF4B-00C04F79EFBC}") = "RDW.MTV.Utils", "RDW.MTV.Utils.csproj", "{CBCDF13F-3630-45D7-9EA6-9F0BE0A53FAB}"
EndProject
Global
	GlobalSection(TeamFoundationVersionControl) = preSolution
		SccNumberOfProjects = 1
		SccEnterpriseProvider = {4CA58AB2-18FA-4F8D-95D4-32DDF27D184C}
		SccTeamFoundationServer = http://tfs.prdw.tld:8080/tfs/teamprojectcollection02
		SccProjectUniqueName0 = RDW.MTV.Utils.csproj
		SccProjectName0 = .
		SccAuxPath0 = http://tfs.prdw.tld:8080/tfs/teamprojectcollection02
		SccLocalPath0 = .
		SccProvider0 = {4CA58AB2-18FA-4F8D-95D4-32DDF27D184C}
	EndGlobalSection
	GlobalSection(SolutionConfigurationPlatforms) = preSolution
		Debug|Any CPU = Debug|Any CPU
		Release|Any CPU = Release|Any CPU
	EndGlobalSection
	GlobalSection(ProjectConfigurationPlatforms) = postSolution
		{CBCDF13F-3630-45D7-9EA6-9F0BE0A53FAB}.Debug|Any CPU.ActiveCfg = Debug|Any CPU
		{CBCDF13F-3630-45D7-9EA6-9F0BE0A53FAB}.Debug|Any CPU.Build.0 = Debug|Any CPU
		{CBCDF13F-3630-45D7-9EA6-9F0BE0A53FAB}.Release|Any CPU.ActiveCfg = Release|Any CPU
		{CBCDF13F-3630-45D7-9EA6-9F0BE0A53FAB}.Release|Any CPU.Build.0 = Release|Any CPU
	EndGlobalSection
	GlobalSection(SolutionProperties) = preSolution
		HideSolutionNode = FALSE
	EndGlobalSection
EndGlobal
