
Microsoft Visual Studio Solution File, Format Version 11.00
# Visual Studio 2010
Project("{FAE04EC0-301F-11D3-BF4B-00C04F79EFBC}") = "EVR.ReadVehicleLicenseCardDemo", "eVR.ReadVehicleLicenseCardDemo\EVR.ReadVehicleLicenseCardDemo.csproj", "{DEFD3C90-47D3-448D-A82E-48E64F5D8C9C}"
EndProject
Project("{2150E333-8FDC-42A3-9474-1A3956D46DE8}") = "opensource", "opensource", "{D169D965-0ACE-4C03-8D3B-F9C0EFAD7364}"
EndProject
Project("{FAE04EC0-301F-11D3-BF4B-00C04F79EFBC}") = "eVR.Reader", "..\..\eVR.Reader\eVR.Reader.csproj", "{07195ACB-3C6C-476D-9A93-3D7549375DC6}"
EndProject
Project("{FAE04EC0-301F-11D3-BF4B-00C04F79EFBC}") = "eVR.TLVParser", "..\..\eVR.TLVParser\eVR.TLVParser.csproj", "{941B7F59-B857-4540-8077-493C2E18C591}"
EndProject
Project("{FAE04EC0-301F-11D3-BF4B-00C04F79EFBC}") = "eVR.Utils", "..\..\eVR.Utils\eVR.Utils.csproj", "{CBCDF13F-3630-45D7-9EA6-9F0BE0A53FAB}"
EndProject
Project("{FAE04EC0-301F-11D3-BF4B-00C04F79EFBC}") = "pcsc-sharp", "..\..\pcsc-sharp\pcsc-sharp.csproj", "{459E0FB4-AF42-4123-9923-7EA68CA01B09}"
EndProject
Project("{2150E333-8FDC-42A3-9474-1A3956D46DE8}") = "Solution Items", "Solution Items", "{9C35E138-4441-4997-A09C-86579C6F35FC}"
	ProjectSection(SolutionItems) = preProject
		license.txt = license.txt
	EndProjectSection
EndProject
Global
	GlobalSection(TeamFoundationVersionControl) = preSolution
		SccNumberOfProjects = 6
		SccEnterpriseProvider = {4CA58AB2-18FA-4F8D-95D4-32DDF27D184C}
		SccTeamFoundationServer = http://tfs.prdw.tld:8080/tfs/teamprojectcollection02
		SccLocalPath0 = .
		SccProjectUniqueName1 = eVR.ReadVehicleLicenseCardDemo\\EVR.ReadVehicleLicenseCardDemo.csproj
		SccProjectName1 = eVR.ReadVehicleLicenseCardDemo
		SccLocalPath1 = eVR.ReadVehicleLicenseCardDemo
		SccProjectUniqueName2 = ..\\..\\eVR.Reader\\eVR.Reader.csproj
		SccProjectTopLevelParentUniqueName2 = eVR.ReadVehicleLicenseCardDemo.sln
		SccProjectName2 = ../../eVR.Reader
		SccLocalPath2 = ..\\..\\eVR.Reader
		SccProjectUniqueName3 = ..\\..\\eVR.TLVParser\\eVR.TLVParser.csproj
		SccProjectTopLevelParentUniqueName3 = eVR.ReadVehicleLicenseCardDemo.sln
		SccProjectName3 = ../../eVR.TLVParser
		SccLocalPath3 = ..\\..\\eVR.TLVParser
		SccProjectUniqueName4 = ..\\..\\eVR.Utils\\eVR.Utils.csproj
		SccProjectTopLevelParentUniqueName4 = eVR.ReadVehicleLicenseCardDemo.sln
		SccProjectName4 = ../../eVR.Utils
		SccLocalPath4 = ..\\..\\eVR.Utils
		SccProjectUniqueName5 = ..\\..\\pcsc-sharp\\pcsc-sharp.csproj
		SccProjectTopLevelParentUniqueName5 = eVR.ReadVehicleLicenseCardDemo.sln
		SccProjectName5 = ../../pcsc-sharp
		SccLocalPath5 = ..\\..\\pcsc-sharp
	EndGlobalSection
	GlobalSection(SolutionConfigurationPlatforms) = preSolution
		Debug|Any CPU = Debug|Any CPU
		Debug|Mixed Platforms = Debug|Mixed Platforms
		Debug|x86 = Debug|x86
		Release|Any CPU = Release|Any CPU
		Release|Mixed Platforms = Release|Mixed Platforms
		Release|x86 = Release|x86
	EndGlobalSection
	GlobalSection(ProjectConfigurationPlatforms) = postSolution
		{DEFD3C90-47D3-448D-A82E-48E64F5D8C9C}.Debug|Any CPU.ActiveCfg = Debug|x86
		{DEFD3C90-47D3-448D-A82E-48E64F5D8C9C}.Debug|Mixed Platforms.ActiveCfg = Debug|x86
		{DEFD3C90-47D3-448D-A82E-48E64F5D8C9C}.Debug|Mixed Platforms.Build.0 = Debug|x86
		{DEFD3C90-47D3-448D-A82E-48E64F5D8C9C}.Debug|x86.ActiveCfg = Debug|x86
		{DEFD3C90-47D3-448D-A82E-48E64F5D8C9C}.Debug|x86.Build.0 = Debug|x86
		{DEFD3C90-47D3-448D-A82E-48E64F5D8C9C}.Release|Any CPU.ActiveCfg = Release|x86
		{DEFD3C90-47D3-448D-A82E-48E64F5D8C9C}.Release|Mixed Platforms.ActiveCfg = Release|x86
		{DEFD3C90-47D3-448D-A82E-48E64F5D8C9C}.Release|Mixed Platforms.Build.0 = Release|x86
		{DEFD3C90-47D3-448D-A82E-48E64F5D8C9C}.Release|x86.ActiveCfg = Release|x86
		{DEFD3C90-47D3-448D-A82E-48E64F5D8C9C}.Release|x86.Build.0 = Release|x86
		{07195ACB-3C6C-476D-9A93-3D7549375DC6}.Debug|Any CPU.ActiveCfg = Debug|Any CPU
		{07195ACB-3C6C-476D-9A93-3D7549375DC6}.Debug|Any CPU.Build.0 = Debug|Any CPU
		{07195ACB-3C6C-476D-9A93-3D7549375DC6}.Debug|Mixed Platforms.ActiveCfg = Debug|Any CPU
		{07195ACB-3C6C-476D-9A93-3D7549375DC6}.Debug|Mixed Platforms.Build.0 = Debug|Any CPU
		{07195ACB-3C6C-476D-9A93-3D7549375DC6}.Debug|x86.ActiveCfg = Debug|Any CPU
		{07195ACB-3C6C-476D-9A93-3D7549375DC6}.Release|Any CPU.ActiveCfg = Release|Any CPU
		{07195ACB-3C6C-476D-9A93-3D7549375DC6}.Release|Any CPU.Build.0 = Release|Any CPU
		{07195ACB-3C6C-476D-9A93-3D7549375DC6}.Release|Mixed Platforms.ActiveCfg = Release|Any CPU
		{07195ACB-3C6C-476D-9A93-3D7549375DC6}.Release|Mixed Platforms.Build.0 = Release|Any CPU
		{07195ACB-3C6C-476D-9A93-3D7549375DC6}.Release|x86.ActiveCfg = Release|Any CPU
		{941B7F59-B857-4540-8077-493C2E18C591}.Debug|Any CPU.ActiveCfg = Debug|Any CPU
		{941B7F59-B857-4540-8077-493C2E18C591}.Debug|Any CPU.Build.0 = Debug|Any CPU
		{941B7F59-B857-4540-8077-493C2E18C591}.Debug|Mixed Platforms.ActiveCfg = Debug|Any CPU
		{941B7F59-B857-4540-8077-493C2E18C591}.Debug|Mixed Platforms.Build.0 = Debug|Any CPU
		{941B7F59-B857-4540-8077-493C2E18C591}.Debug|x86.ActiveCfg = Debug|Any CPU
		{941B7F59-B857-4540-8077-493C2E18C591}.Release|Any CPU.ActiveCfg = Release|Any CPU
		{941B7F59-B857-4540-8077-493C2E18C591}.Release|Any CPU.Build.0 = Release|Any CPU
		{941B7F59-B857-4540-8077-493C2E18C591}.Release|Mixed Platforms.ActiveCfg = Release|Any CPU
		{941B7F59-B857-4540-8077-493C2E18C591}.Release|Mixed Platforms.Build.0 = Release|Any CPU
		{941B7F59-B857-4540-8077-493C2E18C591}.Release|x86.ActiveCfg = Release|Any CPU
		{CBCDF13F-3630-45D7-9EA6-9F0BE0A53FAB}.Debug|Any CPU.ActiveCfg = Debug|Any CPU
		{CBCDF13F-3630-45D7-9EA6-9F0BE0A53FAB}.Debug|Any CPU.Build.0 = Debug|Any CPU
		{CBCDF13F-3630-45D7-9EA6-9F0BE0A53FAB}.Debug|Mixed Platforms.ActiveCfg = Debug|Any CPU
		{CBCDF13F-3630-45D7-9EA6-9F0BE0A53FAB}.Debug|Mixed Platforms.Build.0 = Debug|Any CPU
		{CBCDF13F-3630-45D7-9EA6-9F0BE0A53FAB}.Debug|x86.ActiveCfg = Debug|Any CPU
		{CBCDF13F-3630-45D7-9EA6-9F0BE0A53FAB}.Release|Any CPU.ActiveCfg = Release|Any CPU
		{CBCDF13F-3630-45D7-9EA6-9F0BE0A53FAB}.Release|Any CPU.Build.0 = Release|Any CPU
		{CBCDF13F-3630-45D7-9EA6-9F0BE0A53FAB}.Release|Mixed Platforms.ActiveCfg = Release|Any CPU
		{CBCDF13F-3630-45D7-9EA6-9F0BE0A53FAB}.Release|Mixed Platforms.Build.0 = Release|Any CPU
		{CBCDF13F-3630-45D7-9EA6-9F0BE0A53FAB}.Release|x86.ActiveCfg = Release|Any CPU
		{459E0FB4-AF42-4123-9923-7EA68CA01B09}.Debug|Any CPU.ActiveCfg = Debug|Any CPU
		{459E0FB4-AF42-4123-9923-7EA68CA01B09}.Debug|Any CPU.Build.0 = Debug|Any CPU
		{459E0FB4-AF42-4123-9923-7EA68CA01B09}.Debug|Mixed Platforms.ActiveCfg = Debug|Any CPU
		{459E0FB4-AF42-4123-9923-7EA68CA01B09}.Debug|Mixed Platforms.Build.0 = Debug|Any CPU
		{459E0FB4-AF42-4123-9923-7EA68CA01B09}.Debug|x86.ActiveCfg = Debug|Any CPU
		{459E0FB4-AF42-4123-9923-7EA68CA01B09}.Release|Any CPU.ActiveCfg = Release|Any CPU
		{459E0FB4-AF42-4123-9923-7EA68CA01B09}.Release|Any CPU.Build.0 = Release|Any CPU
		{459E0FB4-AF42-4123-9923-7EA68CA01B09}.Release|Mixed Platforms.ActiveCfg = Release|Any CPU
		{459E0FB4-AF42-4123-9923-7EA68CA01B09}.Release|Mixed Platforms.Build.0 = Release|Any CPU
		{459E0FB4-AF42-4123-9923-7EA68CA01B09}.Release|x86.ActiveCfg = Release|Any CPU
	EndGlobalSection
	GlobalSection(SolutionProperties) = preSolution
		HideSolutionNode = FALSE
	EndGlobalSection
	GlobalSection(NestedProjects) = preSolution
		{07195ACB-3C6C-476D-9A93-3D7549375DC6} = {D169D965-0ACE-4C03-8D3B-F9C0EFAD7364}
		{941B7F59-B857-4540-8077-493C2E18C591} = {D169D965-0ACE-4C03-8D3B-F9C0EFAD7364}
		{CBCDF13F-3630-45D7-9EA6-9F0BE0A53FAB} = {D169D965-0ACE-4C03-8D3B-F9C0EFAD7364}
		{459E0FB4-AF42-4123-9923-7EA68CA01B09} = {D169D965-0ACE-4C03-8D3B-F9C0EFAD7364}
	EndGlobalSection
EndGlobal
